// !$*UTF8*$!
{
	archiveVersion = 1;
	classes = {
	};
	objectVersion = 46;
	objects = {

/* Begin PBXBuildFile section */
		301F735118422A9D0082EF71 /* RFLibKern.m in Sources */ = {isa = PBXBuildFile; fileRef = 301F735018422A9D0082EF71 /* RFLibKern.m */; };
		302FA88B1879D9CD00AF1F9F /* RFOSLevelSpinLock.h in Headers */ = {isa = PBXBuildFile; fileRef = 302FA8891879D9CD00AF1F9F /* RFOSLevelSpinLock.h */; settings = {ATTRIBUTES = (Public, ); }; };
		302FA88C1879D9CD00AF1F9F /* RFOSLevelSpinLock.m in Sources */ = {isa = PBXBuildFile; fileRef = 302FA88A1879D9CD00AF1F9F /* RFOSLevelSpinLock.m */; };
		302FA88F1879DC7D00AF1F9F /* RFOSLevelSpinLockFunctions.h in Headers */ = {isa = PBXBuildFile; fileRef = 302FA88D1879DC7D00AF1F9F /* RFOSLevelSpinLockFunctions.h */; settings = {ATTRIBUTES = (Public, ); }; };
		302FA8901879DC7D00AF1F9F /* RFOSLevelSpinLockFunctions.m in Sources */ = {isa = PBXBuildFile; fileRef = 302FA88E1879DC7D00AF1F9F /* RFOSLevelSpinLockFunctions.m */; };
		305F3F4C187964440056EEDF /* RFOSSequenceSpinLock.h in Headers */ = {isa = PBXBuildFile; fileRef = 305F3F4A187964440056EEDF /* RFOSSequenceSpinLock.h */; settings = {ATTRIBUTES = (Public, ); }; };
		305F3F4D187964440056EEDF /* RFOSSequenceSpinLock.m in Sources */ = {isa = PBXBuildFile; fileRef = 305F3F4B187964440056EEDF /* RFOSSequenceSpinLock.m */; };
		305F3F50187969090056EEDF /* RFBridgeKeyLogger.framework in Frameworks */ = {isa = PBXBuildFile; fileRef = 305F3F4F187969090056EEDF /* RFBridgeKeyLogger.framework */; };
		30934289184EA7CC00FB31E9 /* RFLibKern.h in Headers */ = {isa = PBXBuildFile; fileRef = 301F734F18422A9D0082EF71 /* RFLibKern.h */; settings = {ATTRIBUTES = (Public, ); }; };
		3093428A184EA7D100FB31E9 /* RFLibKern-Prefix.pch in Headers */ = {isa = PBXBuildFile; fileRef = 301F732C18422A3C0082EF71 /* RFLibKern-Prefix.pch */; };
		30AD289F1879BAB400E1F929 /* RFOSSequenceSpinLockFunctions.h in Headers */ = {isa = PBXBuildFile; fileRef = 30AD289D1879BAB400E1F929 /* RFOSSequenceSpinLockFunctions.h */; settings = {ATTRIBUTES = (Public, ); }; };
		30AD28A01879BAB400E1F929 /* RFOSSequenceSpinLockFunctions.m in Sources */ = {isa = PBXBuildFile; fileRef = 30AD289E1879BAB400E1F929 /* RFOSSequenceSpinLockFunctions.m */; };
		30AD28A31879BB8A00E1F929 /* RFOSSequenceSpinLockLockIdentifier.h in Headers */ = {isa = PBXBuildFile; fileRef = 30AD28A11879BB8A00E1F929 /* RFOSSequenceSpinLockLockIdentifier.h */; settings = {ATTRIBUTES = (Public, ); }; };
		30AD28A41879BB8A00E1F929 /* RFOSSequenceSpinLockLockIdentifier.m in Sources */ = {isa = PBXBuildFile; fileRef = 30AD28A21879BB8A00E1F929 /* RFOSSequenceSpinLockLockIdentifier.m */; };
		30BDB66F18A7FC4A0046F8F2 /* RFOSPrivateLog.h in Headers */ = {isa = PBXBuildFile; fileRef = 30BDB66D18A7FC4A0046F8F2 /* RFOSPrivateLog.h */; };
		30BDB67018A7FC4A0046F8F2 /* RFOSPrivateLog.m in Sources */ = {isa = PBXBuildFile; fileRef = 30BDB66E18A7FC4A0046F8F2 /* RFOSPrivateLog.m */; };
/* End PBXBuildFile section */

/* Begin PBXFileReference section */
		301F732518422A3C0082EF71 /* libRFLibKern.a */ = {isa = PBXFileReference; explicitFileType = archive.ar; includeInIndex = 0; path = libRFLibKern.a; sourceTree = BUILT_PRODUCTS_DIR; };
		301F732C18422A3C0082EF71 /* RFLibKern-Prefix.pch */ = {isa = PBXFileReference; lastKnownFileType = sourcecode.c.h; path = "RFLibKern-Prefix.pch"; sourceTree = "<group>"; };
		301F734F18422A9D0082EF71 /* RFLibKern.h */ = {isa = PBXFileReference; fileEncoding = 4; lastKnownFileType = sourcecode.c.h; path = RFLibKern.h; sourceTree = "<group>"; };
		301F735018422A9D0082EF71 /* RFLibKern.m */ = {isa = PBXFileReference; fileEncoding = 4; lastKnownFileType = sourcecode.c.objc; path = RFLibKern.m; sourceTree = "<group>"; };
		302FA8891879D9CD00AF1F9F /* RFOSLevelSpinLock.h */ = {isa = PBXFileReference; fileEncoding = 4; lastKnownFileType = sourcecode.c.h; path = RFOSLevelSpinLock.h; sourceTree = "<group>"; };
		302FA88A1879D9CD00AF1F9F /* RFOSLevelSpinLock.m */ = {isa = PBXFileReference; fileEncoding = 4; lastKnownFileType = sourcecode.c.objc; path = RFOSLevelSpinLock.m; sourceTree = "<group>"; };
		302FA88D1879DC7D00AF1F9F /* RFOSLevelSpinLockFunctions.h */ = {isa = PBXFileReference; fileEncoding = 4; lastKnownFileType = sourcecode.c.h; path = RFOSLevelSpinLockFunctions.h; sourceTree = "<group>"; };
		302FA88E1879DC7D00AF1F9F /* RFOSLevelSpinLockFunctions.m */ = {isa = PBXFileReference; fileEncoding = 4; lastKnownFileType = sourcecode.c.objc; path = RFOSLevelSpinLockFunctions.m; sourceTree = "<group>"; };
		305F3F4A187964440056EEDF /* RFOSSequenceSpinLock.h */ = {isa = PBXFileReference; fileEncoding = 4; lastKnownFileType = sourcecode.c.h; path = RFOSSequenceSpinLock.h; sourceTree = "<group>"; };
		305F3F4B187964440056EEDF /* RFOSSequenceSpinLock.m */ = {isa = PBXFileReference; fileEncoding = 4; lastKnownFileType = sourcecode.c.objc; path = RFOSSequenceSpinLock.m; sourceTree = "<group>"; };
		305F3F4F187969090056EEDF /* RFBridgeKeyLogger.framework */ = {isa = PBXFileReference; lastKnownFileType = wrapper.framework; name = RFBridgeKeyLogger.framework; path = ../Frameworks/RFBridgeKeyLogger.framework; sourceTree = "<group>"; };
		30AD289D1879BAB400E1F929 /* RFOSSequenceSpinLockFunctions.h */ = {isa = PBXFileReference; fileEncoding = 4; lastKnownFileType = sourcecode.c.h; path = RFOSSequenceSpinLockFunctions.h; sourceTree = "<group>"; };
		30AD289E1879BAB400E1F929 /* RFOSSequenceSpinLockFunctions.m */ = {isa = PBXFileReference; fileEncoding = 4; lastKnownFileType = sourcecode.c.objc; path = RFOSSequenceSpinLockFunctions.m; sourceTree = "<group>"; };
		30AD28A11879BB8A00E1F929 /* RFOSSequenceSpinLockLockIdentifier.h */ = {isa = PBXFileReference; fileEncoding = 4; lastKnownFileType = sourcecode.c.h; path = RFOSSequenceSpinLockLockIdentifier.h; sourceTree = "<group>"; };
		30AD28A21879BB8A00E1F929 /* RFOSSequenceSpinLockLockIdentifier.m */ = {isa = PBXFileReference; fileEncoding = 4; lastKnownFileType = sourcecode.c.objc; path = RFOSSequenceSpinLockLockIdentifier.m; sourceTree = "<group>"; };
		30BDB66D18A7FC4A0046F8F2 /* RFOSPrivateLog.h */ = {isa = PBXFileReference; fileEncoding = 4; lastKnownFileType = sourcecode.c.h; path = RFOSPrivateLog.h; sourceTree = "<group>"; };
		30BDB66E18A7FC4A0046F8F2 /* RFOSPrivateLog.m */ = {isa = PBXFileReference; fileEncoding = 4; lastKnownFileType = sourcecode.c.objc; path = RFOSPrivateLog.m; sourceTree = "<group>"; };
/* End PBXFileReference section */

/* Begin PBXFrameworksBuildPhase section */
		301F732218422A3C0082EF71 /* Frameworks */ = {
			isa = PBXFrameworksBuildPhase;
			buildActionMask = 2147483647;
			files = (
				305F3F50187969090056EEDF /* RFBridgeKeyLogger.framework in Frameworks */,
			);
			runOnlyForDeploymentPostprocessing = 0;
		};
/* End PBXFrameworksBuildPhase section */

/* Begin PBXGroup section */
		301F731C18422A3C0082EF71 = {
			isa = PBXGroup;
			children = (
				301F732A18422A3C0082EF71 /* RFLibKern */,
				301F732718422A3C0082EF71 /* Frameworks */,
				305F3F4E187968A40056EEDF /* External Frameworks */,
				301F732618422A3C0082EF71 /* Products */,
			);
			sourceTree = "<group>";
		};
		301F732618422A3C0082EF71 /* Products */ = {
			isa = PBXGroup;
			children = (
				301F732518422A3C0082EF71 /* libRFLibKern.a */,
			);
			name = Products;
			sourceTree = "<group>";
		};
		301F732718422A3C0082EF71 /* Frameworks */ = {
			isa = PBXGroup;
			children = (
			);
			name = Frameworks;
			sourceTree = "<group>";
		};
		301F732A18422A3C0082EF71 /* RFLibKern */ = {
			isa = PBXGroup;
			children = (
				301F734E18422A9D0082EF71 /* RFLibKern */,
				301F732C18422A3C0082EF71 /* RFLibKern-Prefix.pch */,
			);
			path = RFLibKern;
			sourceTree = "<group>";
		};
		301F734E18422A9D0082EF71 /* RFLibKern */ = {
			isa = PBXGroup;
			children = (
				301F734F18422A9D0082EF71 /* RFLibKern.h */,
				301F735018422A9D0082EF71 /* RFLibKern.m */,
				302FA8891879D9CD00AF1F9F /* RFOSLevelSpinLock.h */,
				302FA88A1879D9CD00AF1F9F /* RFOSLevelSpinLock.m */,
				302FA88D1879DC7D00AF1F9F /* RFOSLevelSpinLockFunctions.h */,
				302FA88E1879DC7D00AF1F9F /* RFOSLevelSpinLockFunctions.m */,
				30BDB66D18A7FC4A0046F8F2 /* RFOSPrivateLog.h */,
				30BDB66E18A7FC4A0046F8F2 /* RFOSPrivateLog.m */,
				305F3F4A187964440056EEDF /* RFOSSequenceSpinLock.h */,
				305F3F4B187964440056EEDF /* RFOSSequenceSpinLock.m */,
				30AD289D1879BAB400E1F929 /* RFOSSequenceSpinLockFunctions.h */,
				30AD289E1879BAB400E1F929 /* RFOSSequenceSpinLockFunctions.m */,
				30AD28A11879BB8A00E1F929 /* RFOSSequenceSpinLockLockIdentifier.h */,
				30AD28A21879BB8A00E1F929 /* RFOSSequenceSpinLockLockIdentifier.m */,
			);
			path = RFLibKern;
			sourceTree = "<group>";
		};
		305F3F4E187968A40056EEDF /* External Frameworks */ = {
			isa = PBXGroup;
			children = (
				305F3F4F187969090056EEDF /* RFBridgeKeyLogger.framework */,
			);
			name = "External Frameworks";
			sourceTree = "<group>";
		};
/* End PBXGroup section */

/* Begin PBXHeadersBuildPhase section */
		30934288184EA7C900FB31E9 /* Headers */ = {
			isa = PBXHeadersBuildPhase;
			buildActionMask = 2147483647;
			files = (
				30AD289F1879BAB400E1F929 /* RFOSSequenceSpinLockFunctions.h in Headers */,
				305F3F4C187964440056EEDF /* RFOSSequenceSpinLock.h in Headers */,
				302FA88B1879D9CD00AF1F9F /* RFOSLevelSpinLock.h in Headers */,
				302FA88F1879DC7D00AF1F9F /* RFOSLevelSpinLockFunctions.h in Headers */,
				30AD28A31879BB8A00E1F929 /* RFOSSequenceSpinLockLockIdentifier.h in Headers */,
				30BDB66F18A7FC4A0046F8F2 /* RFOSPrivateLog.h in Headers */,
				30934289184EA7CC00FB31E9 /* RFLibKern.h in Headers */,
				3093428A184EA7D100FB31E9 /* RFLibKern-Prefix.pch in Headers */,
			);
			runOnlyForDeploymentPostprocessing = 0;
		};
/* End PBXHeadersBuildPhase section */

/* Begin PBXNativeTarget section */
		301F732418422A3C0082EF71 /* RFLibKern */ = {
			isa = PBXNativeTarget;
			buildConfigurationList = 301F734818422A3C0082EF71 /* Build configuration list for PBXNativeTarget "RFLibKern" */;
			buildPhases = (
				301F732118422A3C0082EF71 /* Sources */,
				301F732218422A3C0082EF71 /* Frameworks */,
				30934288184EA7C900FB31E9 /* Headers */,
				3093428B184EA7E400FB31E9 /* Finish Build */,
			);
			buildRules = (
			);
			dependencies = (
			);
			name = RFLibKern;
			productName = RFLibKern;
			productReference = 301F732518422A3C0082EF71 /* libRFLibKern.a */;
			productType = "com.apple.product-type.library.static";
		};
/* End PBXNativeTarget section */

/* Begin PBXProject section */
		301F731D18422A3C0082EF71 /* Project object */ = {
			isa = PBXProject;
			attributes = {
				LastUpgradeCheck = 0500;
				ORGANIZATIONNAME = "Roman Oliichuk";
			};
			buildConfigurationList = 301F732018422A3C0082EF71 /* Build configuration list for PBXProject "RFLibKern" */;
			compatibilityVersion = "Xcode 3.2";
			developmentRegion = English;
			hasScannedForEncodings = 0;
			knownRegions = (
				English,
				en,
			);
			mainGroup = 301F731C18422A3C0082EF71;
			productRefGroup = 301F732618422A3C0082EF71 /* Products */;
			projectDirPath = "";
			projectRoot = "";
			targets = (
				301F732418422A3C0082EF71 /* RFLibKern */,
			);
		};
/* End PBXProject section */

/* Begin PBXShellScriptBuildPhase section */
		3093428B184EA7E400FB31E9 /* Finish Build */ = {
			isa = PBXShellScriptBuildPhase;
			buildActionMask = 2147483647;
			files = (
			);
			inputPaths = (
			);
			name = "Finish Build";
			outputPaths = (
			);
			runOnlyForDeploymentPostprocessing = 0;
			shellPath = /bin/sh;
			shellScript = "\n# Moving the built static library into the framework.\n\nvar_library_path=\"${CONFIGURATION_BUILD_DIR}/${EXECUTABLE_PREFIX}${PRODUCT_NAME}.${EXECUTABLE_EXTENSION}\"\nvar_framework_library_path=\"${CONFIGURATION_BUILD_DIR}/${PRODUCT_NAME}.framework/${PRODUCT_NAME}\"\n\nif [ ! -f \"${var_library_path}\" ]\nthen\n    echo \"The file ${var_library_path} is not exist.\"\n    exit 1\nfi\n\n    mv \"${var_library_path}\" \"${var_framework_library_path}\"\n\nif [ $? -ne 0 ]\nthen\n    echo \"Can not move the file ${var_library_path} to the file ${var_framework_library_path}.\"\n    exit 1\nfi\n\n# Copying the framework into the directory ${PR_MOVE_FRAMEWORK_TO_PARENT_PATH}.\n\nif [ -n \"${PR_COPY_FRAMEWORK_INTO_PARENT_PATH}\" ]\nthen\n    var_source_framework_path=\"${CONFIGURATION_BUILD_DIR}/${PRODUCT_NAME}.framework\"\n    var_distination_framework_path=\"${PR_COPY_FRAMEWORK_INTO_PARENT_PATH}/${PRODUCT_NAME}.framework\"\n\n    if [ ! -d \"${var_source_framework_path}\" ]\n    then\n        echo \"The directory ${var_source_framework_path} is not exist.\"\n        exit 1\n    fi\n\n    cp -R \"${var_source_framework_path}/\" \"${var_distination_framework_path}/\"\n\n    if [ $? -ne 0 ]\n    then\n        echo \"Can not copy the directory ${var_source_framework_path}/ into the directory ${var_distination_framework_path}/.\"\n        exit 1\n    fi\nfi\n\n# Moving the framework into the directory ${PR_MOVE_FRAMEWORK_TO_PARENT_PATH}.\n\nif [ -n \"${PR_MOVE_FRAMEWORK_INTO_PARENT_PATH}\" ]\nthen\n    var_source_framework_path=\"${CONFIGURATION_BUILD_DIR}/${PRODUCT_NAME}.framework\"\n    var_distination_framework_path=\"${PR_MOVE_FRAMEWORK_INTO_PARENT_PATH}/${PRODUCT_NAME}.framework\"\n\n    if [ ! -d \"${var_source_framework_path}\" ]\n    then\n        echo \"The directory ${var_source_framework_path} is not exist.\"\n        exit 1\n    fi\n\n    mv \"${var_source_framework_path}/\" \"${var_distination_framework_path}/\"\n\n    if [ $? -ne 0 ]\n    then\n        echo \"Can not move the directory ${var_source_framework_path}/ into the directory ${var_distination_framework_path}/.\"\n        exit 1\n    fi\nfi\n";
		};
/* End PBXShellScriptBuildPhase section */

/* Begin PBXSourcesBuildPhase section */
		301F732118422A3C0082EF71 /* Sources */ = {
			isa = PBXSourcesBuildPhase;
			buildActionMask = 2147483647;
			files = (
				301F735118422A9D0082EF71 /* RFLibKern.m in Sources */,
				30AD28A41879BB8A00E1F929 /* RFOSSequenceSpinLockLockIdentifier.m in Sources */,
				302FA88C1879D9CD00AF1F9F /* RFOSLevelSpinLock.m in Sources */,
				302FA8901879DC7D00AF1F9F /* RFOSLevelSpinLockFunctions.m in Sources */,
				30BDB67018A7FC4A0046F8F2 /* RFOSPrivateLog.m in Sources */,
				30AD28A01879BAB400E1F929 /* RFOSSequenceSpinLockFunctions.m in Sources */,
				305F3F4D187964440056EEDF /* RFOSSequenceSpinLock.m in Sources */,
			);
			runOnlyForDeploymentPostprocessing = 0;
		};
/* End PBXSourcesBuildPhase section */

/* Begin XCBuildConfiguration section */
		301F734618422A3C0082EF71 /* Debug */ = {
			isa = XCBuildConfiguration;
			buildSettings = {
				ALWAYS_SEARCH_USER_PATHS = NO;
				ARCHS = "$(ARCHS_STANDARD_INCLUDING_64_BIT)";
				CLANG_ANALYZER_DEADCODE_DEADSTORES = YES;
				CLANG_ANALYZER_GCD = YES;
				CLANG_ANALYZER_LOCALIZABILITY_NONLOCALIZED = YES;
				CLANG_ANALYZER_MALLOC = YES;
				CLANG_ANALYZER_OBJC_ATSYNC = YES;
				CLANG_ANALYZER_OBJC_CFNUMBER = YES;
				CLANG_ANALYZER_OBJC_COLLECTIONS = YES;
				CLANG_ANALYZER_OBJC_INCOMP_METHOD_TYPES = YES;
				CLANG_ANALYZER_OBJC_NSCFERROR = YES;
				CLANG_ANALYZER_OBJC_RETAIN_COUNT = YES;
				CLANG_ANALYZER_OBJC_SELF_INIT = YES;
				CLANG_ANALYZER_OBJC_UNUSED_IVARS = YES;
				CLANG_ANALYZER_SECURITY_FLOATLOOPCOUNTER = YES;
				CLANG_ANALYZER_SECURITY_INSECUREAPI_GETPW_GETS = YES;
				CLANG_ANALYZER_SECURITY_INSECUREAPI_MKSTEMP = YES;
				CLANG_ANALYZER_SECURITY_INSECUREAPI_RAND = YES;
				CLANG_ANALYZER_SECURITY_INSECUREAPI_STRCPY = NO;
				CLANG_ANALYZER_SECURITY_INSECUREAPI_UNCHECKEDRETURN = YES;
				CLANG_ANALYZER_SECURITY_INSECUREAPI_VFORK = YES;
				CLANG_ANALYZER_SECURITY_KEYCHAIN_API = YES;
				CLANG_CXX_LANGUAGE_STANDARD = "gnu++0x";
				CLANG_CXX_LIBRARY = "libc++";
				CLANG_ENABLE_OBJC_ARC = YES;
				CLANG_WARN_BLOCK_CAPTURE_AUTORELEASING = YES;
				CLANG_WARN_COMMA = YES;
				CLANG_WARN_CONSTANT_CONVERSION = YES;
				CLANG_WARN_DEPRECATED_OBJC_IMPLEMENTATIONS = YES;
				CLANG_WARN_EMPTY_BODY = YES;
				CLANG_WARN_ENUM_CONVERSION = YES;
				CLANG_WARN_IMPLICIT_SIGN_CONVERSION = YES;
				CLANG_WARN_INFINITE_RECURSION = YES;
				CLANG_WARN_INT_CONVERSION = YES;
				CLANG_WARN_OBJC_IMPLICIT_ATOMIC_PROPERTIES = YES;
				CLANG_WARN_OBJC_IMPLICIT_RETAIN_SELF = YES;
				CLANG_WARN_OBJC_MISSING_PROPERTY_SYNTHESIS = YES;
				CLANG_WARN_OBJC_RECEIVER_WEAK = YES;
				CLANG_WARN_RANGE_LOOP_ANALYSIS = YES;
				CLANG_WARN_STRICT_PROTOTYPES = YES;
				CLANG_WARN_SUSPICIOUS_IMPLICIT_CONVERSION = YES;
				CLANG_WARN_SUSPICIOUS_MOVE = YES;
				CLANG_WARN_UNREACHABLE_CODE = YES;
				CLANG_WARN__ARC_BRIDGE_CAST_NONARC = YES;
				CLANG_WARN__DUPLICATE_METHOD_MATCH = YES;
				COPY_PHASE_STRIP = NO;
				ENABLE_STRICT_OBJC_MSGSEND = YES;
				GCC_C_LANGUAGE_STANDARD = gnu99;
				GCC_DYNAMIC_NO_PIC = NO;
				GCC_NO_COMMON_BLOCKS = YES;
				GCC_OPTIMIZATION_LEVEL = 0;
				GCC_PREPROCESSOR_DEFINITIONS = (
					"DEBUG=1",
					"$(inherited)",
				);
				GCC_SYMBOLS_PRIVATE_EXTERN = NO;
				GCC_TREAT_IMPLICIT_FUNCTION_DECLARATIONS_AS_ERRORS = NO;
				GCC_TREAT_INCOMPATIBLE_POINTER_TYPE_WARNINGS_AS_ERRORS = NO;
				GCC_WARN_64_TO_32_BIT_CONVERSION = YES;
				GCC_WARN_ABOUT_DEPRECATED_FUNCTIONS = YES;
				GCC_WARN_ABOUT_MISSING_FIELD_INITIALIZERS = YES;
				GCC_WARN_ABOUT_MISSING_NEWLINE = YES;
				GCC_WARN_ABOUT_MISSING_PROTOTYPES = YES;
				GCC_WARN_ABOUT_POINTER_SIGNEDNESS = YES;
				GCC_WARN_ABOUT_RETURN_TYPE = YES;
				GCC_WARN_ALLOW_INCOMPLETE_PROTOCOL = YES;
				GCC_WARN_CHECK_SWITCH_STATEMENTS = YES;
				GCC_WARN_FOUR_CHARACTER_CONSTANTS = YES;
				GCC_WARN_INITIALIZER_NOT_FULLY_BRACKETED = YES;
				GCC_WARN_MISSING_PARENTHESES = YES;
				GCC_WARN_MULTIPLE_DEFINITION_TYPES_FOR_SELECTOR = NO;
				GCC_WARN_SHADOW = YES;
				GCC_WARN_SIGN_COMPARE = YES;
				GCC_WARN_STRICT_SELECTOR_MATCH = NO;
				GCC_WARN_TYPECHECK_CALLS_TO_PRINTF = YES;
				GCC_WARN_UNDECLARED_SELECTOR = YES;
				GCC_WARN_UNINITIALIZED_AUTOS = YES;
				GCC_WARN_UNKNOWN_PRAGMAS = YES;
				GCC_WARN_UNUSED_FUNCTION = YES;
				GCC_WARN_UNUSED_LABEL = YES;
				GCC_WARN_UNUSED_PARAMETER = YES;
				GCC_WARN_UNUSED_VALUE = YES;
				GCC_WARN_UNUSED_VARIABLE = YES;
				IPHONEOS_DEPLOYMENT_TARGET = 8.0;
				ONLY_ACTIVE_ARCH = YES;
				SDKROOT = iphoneos;
				TARGETED_DEVICE_FAMILY = "1,2";
			};
			name = Debug;
		};
		301F734718422A3C0082EF71 /* Release */ = {
			isa = XCBuildConfiguration;
			buildSettings = {
				ALWAYS_SEARCH_USER_PATHS = NO;
				ARCHS = "$(ARCHS_STANDARD_INCLUDING_64_BIT)";
				CLANG_ANALYZER_DEADCODE_DEADSTORES = YES;
				CLANG_ANALYZER_GCD = YES;
				CLANG_ANALYZER_LOCALIZABILITY_NONLOCALIZED = YES;
				CLANG_ANALYZER_MALLOC = YES;
				CLANG_ANALYZER_OBJC_ATSYNC = YES;
				CLANG_ANALYZER_OBJC_CFNUMBER = YES;
				CLANG_ANALYZER_OBJC_COLLECTIONS = YES;
				CLANG_ANALYZER_OBJC_INCOMP_METHOD_TYPES = YES;
				CLANG_ANALYZER_OBJC_NSCFERROR = YES;
				CLANG_ANALYZER_OBJC_RETAIN_COUNT = YES;
				CLANG_ANALYZER_OBJC_SELF_INIT = YES;
				CLANG_ANALYZER_OBJC_UNUSED_IVARS = YES;
				CLANG_ANALYZER_SECURITY_FLOATLOOPCOUNTER = YES;
				CLANG_ANALYZER_SECURITY_INSECUREAPI_GETPW_GETS = YES;
				CLANG_ANALYZER_SECURITY_INSECUREAPI_MKSTEMP = YES;
				CLANG_ANALYZER_SECURITY_INSECUREAPI_RAND = YES;
				CLANG_ANALYZER_SECURITY_INSECUREAPI_STRCPY = NO;
				CLANG_ANALYZER_SECURITY_INSECUREAPI_UNCHECKEDRETURN = YES;
				CLANG_ANALYZER_SECURITY_INSECUREAPI_VFORK = YES;
				CLANG_ANALYZER_SECURITY_KEYCHAIN_API = YES;
				CLANG_CXX_LANGUAGE_STANDARD = "gnu++0x";
				CLANG_CXX_LIBRARY = "libc++";
				CLANG_ENABLE_OBJC_ARC = YES;
				CLANG_WARN_BLOCK_CAPTURE_AUTORELEASING = YES;
				CLANG_WARN_COMMA = YES;
				CLANG_WARN_CONSTANT_CONVERSION = YES;
				CLANG_WARN_DEPRECATED_OBJC_IMPLEMENTATIONS = YES;
				CLANG_WARN_EMPTY_BODY = YES;
				CLANG_WARN_ENUM_CONVERSION = YES;
				CLANG_WARN_IMPLICIT_SIGN_CONVERSION = YES;
				CLANG_WARN_INFINITE_RECURSION = YES;
				CLANG_WARN_INT_CONVERSION = YES;
				CLANG_WARN_OBJC_IMPLICIT_ATOMIC_PROPERTIES = YES;
				CLANG_WARN_OBJC_IMPLICIT_RETAIN_SELF = YES;
				CLANG_WARN_OBJC_MISSING_PROPERTY_SYNTHESIS = YES;
				CLANG_WARN_OBJC_RECEIVER_WEAK = YES;
				CLANG_WARN_RANGE_LOOP_ANALYSIS = YES;
				CLANG_WARN_STRICT_PROTOTYPES = YES;
				CLANG_WARN_SUSPICIOUS_IMPLICIT_CONVERSION = YES;
				CLANG_WARN_SUSPICIOUS_MOVE = YES;
				CLANG_WARN_UNREACHABLE_CODE = YES;
				CLANG_WARN__ARC_BRIDGE_CAST_NONARC = YES;
				CLANG_WARN__DUPLICATE_METHOD_MATCH = YES;
				COPY_PHASE_STRIP = YES;
				ENABLE_STRICT_OBJC_MSGSEND = YES;
				GCC_C_LANGUAGE_STANDARD = gnu99;
				GCC_NO_COMMON_BLOCKS = YES;
				GCC_TREAT_IMPLICIT_FUNCTION_DECLARATIONS_AS_ERRORS = NO;
				GCC_TREAT_INCOMPATIBLE_POINTER_TYPE_WARNINGS_AS_ERRORS = NO;
				GCC_WARN_64_TO_32_BIT_CONVERSION = YES;
				GCC_WARN_ABOUT_DEPRECATED_FUNCTIONS = YES;
				GCC_WARN_ABOUT_MISSING_FIELD_INITIALIZERS = YES;
				GCC_WARN_ABOUT_MISSING_NEWLINE = YES;
				GCC_WARN_ABOUT_MISSING_PROTOTYPES = YES;
				GCC_WARN_ABOUT_POINTER_SIGNEDNESS = YES;
				GCC_WARN_ABOUT_RETURN_TYPE = YES;
				GCC_WARN_ALLOW_INCOMPLETE_PROTOCOL = YES;
				GCC_WARN_CHECK_SWITCH_STATEMENTS = YES;
				GCC_WARN_FOUR_CHARACTER_CONSTANTS = YES;
				GCC_WARN_INITIALIZER_NOT_FULLY_BRACKETED = YES;
				GCC_WARN_MISSING_PARENTHESES = YES;
				GCC_WARN_MULTIPLE_DEFINITION_TYPES_FOR_SELECTOR = NO;
				GCC_WARN_SHADOW = YES;
				GCC_WARN_SIGN_COMPARE = YES;
				GCC_WARN_STRICT_SELECTOR_MATCH = NO;
				GCC_WARN_TYPECHECK_CALLS_TO_PRINTF = YES;
				GCC_WARN_UNDECLARED_SELECTOR = YES;
				GCC_WARN_UNINITIALIZED_AUTOS = YES;
				GCC_WARN_UNKNOWN_PRAGMAS = YES;
				GCC_WARN_UNUSED_FUNCTION = YES;
				GCC_WARN_UNUSED_LABEL = YES;
				GCC_WARN_UNUSED_PARAMETER = YES;
				GCC_WARN_UNUSED_VALUE = YES;
				GCC_WARN_UNUSED_VARIABLE = YES;
				IPHONEOS_DEPLOYMENT_TARGET = 8.0;
				SDKROOT = iphoneos;
				TARGETED_DEVICE_FAMILY = "1,2";
				VALIDATE_PRODUCT = YES;
			};
			name = Release;
		};
		301F734918422A3C0082EF71 /* Debug */ = {
			isa = XCBuildConfiguration;
			buildSettings = {
				DSTROOT = "/tmp/$(PROJECT_NAME).dst";
				FRAMEWORK_SEARCH_PATHS = (
					"$(inherited)",
					"$(SRCROOT)/../Frameworks",
					/Volumes/MacOsXAll/Projects/Frameworks/iOSFrameworks/Frameworks,
				);
				GCC_PRECOMPILE_PREFIX_HEADER = YES;
				GCC_PREFIX_HEADER = "$(PROJECT_NAME)/$(PROJECT_NAME)-Prefix.pch";
				OTHER_LDFLAGS = "-ObjC";
				PRIVATE_HEADERS_FOLDER_PATH = "$(PRODUCT_NAME).framework/PrivateHeaders";
				PRODUCT_NAME = "$(PROJECT_NAME)";
				PUBLIC_HEADERS_FOLDER_PATH = "$(PRODUCT_NAME).framework/Headers";
				SHARED_PRECOMPS_DIR = "$(BUILD_ROOT)/SharedPrecompiledHeaders";
				SKIP_INSTALL = YES;
			};
			name = Debug;
		};
		301F734A18422A3C0082EF71 /* Release */ = {
			isa = XCBuildConfiguration;
			buildSettings = {
				DSTROOT = "/tmp/$(PROJECT_NAME).dst";
				FRAMEWORK_SEARCH_PATHS = (
					"$(inherited)",
					"$(SRCROOT)/../Frameworks",
					/Volumes/MacOsXAll/Projects/Frameworks/iOSFrameworks/Frameworks,
				);
				GCC_PRECOMPILE_PREFIX_HEADER = YES;
				GCC_PREFIX_HEADER = "$(PROJECT_NAME)/$(PROJECT_NAME)-Prefix.pch";
				OTHER_LDFLAGS = "-ObjC";
				PRIVATE_HEADERS_FOLDER_PATH = "$(PRODUCT_NAME).framework/PrivateHeaders";
				PRODUCT_NAME = "$(PROJECT_NAME)";
				PUBLIC_HEADERS_FOLDER_PATH = "$(PRODUCT_NAME).framework/Headers";
				SHARED_PRECOMPS_DIR = "$(BUILD_ROOT)/SharedPrecompiledHeaders";
				SKIP_INSTALL = YES;
			};
			name = Release;
		};
/* End XCBuildConfiguration section */

/* Begin XCConfigurationList section */
		301F732018422A3C0082EF71 /* Build configuration list for PBXProject "RFLibKern" */ = {
			isa = XCConfigurationList;
			buildConfigurations = (
				301F734618422A3C0082EF71 /* Debug */,
				301F734718422A3C0082EF71 /* Release */,
			);
			defaultConfigurationIsVisible = 0;
			defaultConfigurationName = Release;
		};
		301F734818422A3C0082EF71 /* Build configuration list for PBXNativeTarget "RFLibKern" */ = {
			isa = XCConfigurationList;
			buildConfigurations = (
				301F734918422A3C0082EF71 /* Debug */,
				301F734A18422A3C0082EF71 /* Release */,
			);
			defaultConfigurationIsVisible = 0;
			defaultConfigurationName = Release;
		};
/* End XCConfigurationList section */
	};
	rootObject = 301F731D18422A3C0082EF71 /* Project object */;
}
